
Microsoft Visual Studio Solution File, Format Version 12.00
# Visual Studio Version 17
VisualStudioVersion = 17.0.31903.59
MinimumVisualStudioVersion = 10.0.40219.1
Project("{9A19103F-16F7-4668-BE54-9A1E7A4F7556}") = "Cocos2DMono", "src\Cocos2DMono\Cocos2DMono.csproj", "{A1B11111-1111-4111-8111-111111111111}"
EndProject
Project("{9A19103F-16F7-4668-BE54-9A1E7A4F7556}") = "Box2D", "src\Box2D\Box2D.csproj", "{B2C22222-2222-4222-8222-222222222222}"
EndProject
Project("{2150E333-8FDC-42A3-9474-1A3956D46DE8}") = "src", "src", "{E1111111-1111-4111-8111-111111111111}"
EndProject
Project("{2150E333-8FDC-42A3-9474-1A3956D46DE8}") = "tests", "tests", "{0AB3BF05-4346-4AA6-1389-037BE0695223}"
EndProject
Project("{FAE04EC0-301F-11D3-BF4B-00C04F79EFBC}") = "Cocos2DMono.IntegrationTests", "tests\Cocos2DMono.IntegrationTests\Cocos2DMono.IntegrationTests.csproj", "{74FE1212-9B7A-44AF-805B-C56804736863}"
EndProject
Global
	GlobalSection(SolutionConfigurationPlatforms) = preSolution
		Debug|Any CPU = Debug|Any CPU
		Debug|x64 = Debug|x64
		Debug|x86 = Debug|x86
		Release|Any CPU = Release|Any CPU
		Release|x64 = Release|x64
		Release|x86 = Release|x86
	EndGlobalSection
	GlobalSection(ProjectConfigurationPlatforms) = postSolution
		{A1B11111-1111-4111-8111-111111111111}.Debug|Any CPU.ActiveCfg = Debug|Any CPU
		{A1B11111-1111-4111-8111-111111111111}.Debug|Any CPU.Build.0 = Debug|Any CPU
		{A1B11111-1111-4111-8111-111111111111}.Debug|x64.ActiveCfg = Debug|Any CPU
		{A1B11111-1111-4111-8111-111111111111}.Debug|x64.Build.0 = Debug|Any CPU
		{A1B11111-1111-4111-8111-111111111111}.Debug|x86.ActiveCfg = Debug|Any CPU
		{A1B11111-1111-4111-8111-111111111111}.Debug|x86.Build.0 = Debug|Any CPU
		{A1B11111-1111-4111-8111-111111111111}.Release|Any CPU.ActiveCfg = Release|Any CPU
		{A1B11111-1111-4111-8111-111111111111}.Release|Any CPU.Build.0 = Release|Any CPU
		{A1B11111-1111-4111-8111-111111111111}.Release|x64.ActiveCfg = Release|Any CPU
		{A1B11111-1111-4111-8111-111111111111}.Release|x64.Build.0 = Release|Any CPU
		{A1B11111-1111-4111-8111-111111111111}.Release|x86.ActiveCfg = Release|Any CPU
		{A1B11111-1111-4111-8111-111111111111}.Release|x86.Build.0 = Release|Any CPU
		{B2C22222-2222-4222-8222-222222222222}.Debug|Any CPU.ActiveCfg = Debug|Any CPU
		{B2C22222-2222-4222-8222-222222222222}.Debug|Any CPU.Build.0 = Debug|Any CPU
		{B2C22222-2222-4222-8222-222222222222}.Debug|x64.ActiveCfg = Debug|Any CPU
		{B2C22222-2222-4222-8222-222222222222}.Debug|x64.Build.0 = Debug|Any CPU
		{B2C22222-2222-4222-8222-222222222222}.Debug|x86.ActiveCfg = Debug|Any CPU
		{B2C22222-2222-4222-8222-222222222222}.Debug|x86.Build.0 = Debug|Any CPU
		{B2C22222-2222-4222-8222-222222222222}.Release|Any CPU.ActiveCfg = Release|Any CPU
		{B2C22222-2222-4222-8222-222222222222}.Release|Any CPU.Build.0 = Release|Any CPU
		{B2C22222-2222-4222-8222-222222222222}.Release|x64.ActiveCfg = Release|Any CPU
		{B2C22222-2222-4222-8222-222222222222}.Release|x64.Build.0 = Release|Any CPU
		{B2C22222-2222-4222-8222-222222222222}.Release|x86.ActiveCfg = Release|Any CPU
		{B2C22222-2222-4222-8222-222222222222}.Release|x86.Build.0 = Release|Any CPU
		{74FE1212-9B7A-44AF-805B-C56804736863}.Debug|Any CPU.ActiveCfg = Debug|Any CPU
		{74FE1212-9B7A-44AF-805B-C56804736863}.Debug|Any CPU.Build.0 = Debug|Any CPU
		{74FE1212-9B7A-44AF-805B-C56804736863}.Debug|x64.ActiveCfg = Debug|Any CPU
		{74FE1212-9B7A-44AF-805B-C56804736863}.Debug|x64.Build.0 = Debug|Any CPU
		{74FE1212-9B7A-44AF-805B-C56804736863}.Debug|x86.ActiveCfg = Debug|Any CPU
		{74FE1212-9B7A-44AF-805B-C56804736863}.Debug|x86.Build.0 = Debug|Any CPU
		{74FE1212-9B7A-44AF-805B-C56804736863}.Release|Any CPU.ActiveCfg = Release|Any CPU
		{74FE1212-9B7A-44AF-805B-C56804736863}.Release|Any CPU.Build.0 = Release|Any CPU
		{74FE1212-9B7A-44AF-805B-C56804736863}.Release|x64.ActiveCfg = Release|Any CPU
		{74FE1212-9B7A-44AF-805B-C56804736863}.Release|x64.Build.0 = Release|Any CPU
		{74FE1212-9B7A-44AF-805B-C56804736863}.Release|x86.ActiveCfg = Release|Any CPU
		{74FE1212-9B7A-44AF-805B-C56804736863}.Release|x86.Build.0 = Release|Any CPU
	EndGlobalSection
	GlobalSection(SolutionProperties) = preSolution
		HideSolutionNode = FALSE
	EndGlobalSection
	GlobalSection(NestedProjects) = preSolution
		{A1B11111-1111-4111-8111-111111111111} = {E1111111-1111-4111-8111-111111111111}
		{B2C22222-2222-4222-8222-222222222222} = {E1111111-1111-4111-8111-111111111111}
		{74FE1212-9B7A-44AF-805B-C56804736863} = {0AB3BF05-4346-4AA6-1389-037BE0695223}
	EndGlobalSection
EndGlobal
