
Microsoft Visual Studio Solution File, Format Version 12.00
# Visual Studio Version 16
VisualStudioVersion = 16.0.30907.101
MinimumVisualStudioVersion = 10.0.40219.1
Project("{FAE04EC0-301F-11D3-BF4B-00C04F79EFBC}") = "cocos2d.iOS", "..\cocos2d\cocos2d.iOS\cocos2d.iOS.csproj", "{E71F3053-056C-4381-9638-048ED73BDFF6}"
EndProject
Project("{FAE04EC0-301F-11D3-BF4B-00C04F79EFBC}") = "box2d.iOS", "..\box2d\box2d.iOS\box2d.iOS.csproj", "{8AC4C3CC-9BCD-405C-BE0B-5C217A054B78}"
EndProject
Project("{D954291E-2A0B-460D-934E-DC6B0785DB48}") = "box2d", "..\box2d\box2d.shproj", "{02F4E1C8-8A0D-49DE-9B39-A966E126ACC3}"
EndProject
Project("{D954291E-2A0B-460D-934E-DC6B0785DB48}") = "cocos2d", "..\cocos2d\cocos2d.shproj", "{AFED60A6-F61D-4C4E-BB3B-20FFDA06B990}"
EndProject
Global
	GlobalSection(SharedMSBuildProjectFiles) = preSolution
		..\box2d\box2d.projitems*{02f4e1c8-8a0d-49de-9b39-a966e126acc3}*SharedItemsImports = 13
		..\box2d\box2d.projitems*{8ac4c3cc-9bcd-405c-be0b-5c217a054b78}*SharedItemsImports = 4
		..\cocos2d\cocos2d.projitems*{afed60a6-f61d-4c4e-bb3b-20ffda06b990}*SharedItemsImports = 13
		..\cocos2d\cocos2d.projitems*{e71f3053-056c-4381-9638-048ed73bdff6}*SharedItemsImports = 4
	EndGlobalSection
	GlobalSection(SolutionConfigurationPlatforms) = preSolution
		Debug|Any CPU = Debug|Any CPU
		Release|Any CPU = Release|Any CPU
	EndGlobalSection
	GlobalSection(ProjectConfigurationPlatforms) = postSolution
		{E71F3053-056C-4381-9638-048ED73BDFF6}.Debug|Any CPU.ActiveCfg = Debug|Any CPU
		{E71F3053-056C-4381-9638-048ED73BDFF6}.Debug|Any CPU.Build.0 = Debug|Any CPU
		{E71F3053-056C-4381-9638-048ED73BDFF6}.Release|Any CPU.ActiveCfg = Release|Any CPU
		{E71F3053-056C-4381-9638-048ED73BDFF6}.Release|Any CPU.Build.0 = Release|Any CPU
		{8AC4C3CC-9BCD-405C-BE0B-5C217A054B78}.Debug|Any CPU.ActiveCfg = Debug|Any CPU
		{8AC4C3CC-9BCD-405C-BE0B-5C217A054B78}.Debug|Any CPU.Build.0 = Debug|Any CPU
		{8AC4C3CC-9BCD-405C-BE0B-5C217A054B78}.Release|Any CPU.ActiveCfg = Release|Any CPU
		{8AC4C3CC-9BCD-405C-BE0B-5C217A054B78}.Release|Any CPU.Build.0 = Release|Any CPU
	EndGlobalSection
	GlobalSection(SolutionProperties) = preSolution
		HideSolutionNode = FALSE
	EndGlobalSection
	GlobalSection(ExtensibilityGlobals) = postSolution
		SolutionGuid = {2DF4BE91-5AA3-4ED9-9ED6-CA1E0FB7682F}
	EndGlobalSection
EndGlobal
