
Microsoft Visual Studio Solution File, Format Version 12.00
# Visual Studio 15
VisualStudioVersion = 15.0.28307.572
MinimumVisualStudioVersion = 10.0.40219.1
Project("{FAE04EC0-301F-11D3-BF4B-00C04F79EFBC}") = "cocos2d-mono.Tests.Windows", "cocos2d-mono.Tests\cocos2d-mono.Tests.Windows.csproj", "{C53ED140-8A2D-4F96-99D3-794FDBECAAA2}"
EndProject
Project("{FAE04EC0-301F-11D3-BF4B-00C04F79EFBC}") = "box2d.Windows", "..\box2d\box2d.Windows.csproj", "{18AAFE9F-27FD-4B00-9AAC-14612319EA91}"
EndProject
Project("{FAE04EC0-301F-11D3-BF4B-00C04F79EFBC}") = "cocos2d.Windows", "..\cocos2d\cocos2d.Windows.csproj", "{01382AD1-179C-4322-91C4-E4FAC0CA6C84}"
EndProject
Global
	GlobalSection(SolutionConfigurationPlatforms) = preSolution
		Debug|Any CPU = Debug|Any CPU
		Debug|x86 = Debug|x86
		Release|Any CPU = Release|Any CPU
		Release|x86 = Release|x86
	EndGlobalSection
	GlobalSection(ProjectConfigurationPlatforms) = postSolution
		{C53ED140-8A2D-4F96-99D3-794FDBECAAA2}.Debug|Any CPU.ActiveCfg = Debug|x86
		{C53ED140-8A2D-4F96-99D3-794FDBECAAA2}.Debug|x86.ActiveCfg = Debug|x86
		{C53ED140-8A2D-4F96-99D3-794FDBECAAA2}.Debug|x86.Build.0 = Debug|x86
		{C53ED140-8A2D-4F96-99D3-794FDBECAAA2}.Release|Any CPU.ActiveCfg = Release|x86
		{C53ED140-8A2D-4F96-99D3-794FDBECAAA2}.Release|x86.ActiveCfg = Release|x86
		{C53ED140-8A2D-4F96-99D3-794FDBECAAA2}.Release|x86.Build.0 = Release|x86
		{18AAFE9F-27FD-4B00-9AAC-14612319EA91}.Debug|Any CPU.ActiveCfg = Debug|Any CPU
		{18AAFE9F-27FD-4B00-9AAC-14612319EA91}.Debug|Any CPU.Build.0 = Debug|Any CPU
		{18AAFE9F-27FD-4B00-9AAC-14612319EA91}.Debug|x86.ActiveCfg = Debug|Any CPU
		{18AAFE9F-27FD-4B00-9AAC-14612319EA91}.Debug|x86.Build.0 = Debug|Any CPU
		{18AAFE9F-27FD-4B00-9AAC-14612319EA91}.Release|Any CPU.ActiveCfg = Release|Any CPU
		{18AAFE9F-27FD-4B00-9AAC-14612319EA91}.Release|Any CPU.Build.0 = Release|Any CPU
		{18AAFE9F-27FD-4B00-9AAC-14612319EA91}.Release|x86.ActiveCfg = Release|Any CPU
		{18AAFE9F-27FD-4B00-9AAC-14612319EA91}.Release|x86.Build.0 = Release|Any CPU
		{01382AD1-179C-4322-91C4-E4FAC0CA6C84}.Debug|Any CPU.ActiveCfg = Debug|Any CPU
		{01382AD1-179C-4322-91C4-E4FAC0CA6C84}.Debug|Any CPU.Build.0 = Debug|Any CPU
		{01382AD1-179C-4322-91C4-E4FAC0CA6C84}.Debug|x86.ActiveCfg = Debug|Any CPU
		{01382AD1-179C-4322-91C4-E4FAC0CA6C84}.Debug|x86.Build.0 = Debug|Any CPU
		{01382AD1-179C-4322-91C4-E4FAC0CA6C84}.Release|Any CPU.ActiveCfg = Release|Any CPU
		{01382AD1-179C-4322-91C4-E4FAC0CA6C84}.Release|Any CPU.Build.0 = Release|Any CPU
		{01382AD1-179C-4322-91C4-E4FAC0CA6C84}.Release|x86.ActiveCfg = Release|Any CPU
		{01382AD1-179C-4322-91C4-E4FAC0CA6C84}.Release|x86.Build.0 = Release|Any CPU
	EndGlobalSection
	GlobalSection(SolutionProperties) = preSolution
		HideSolutionNode = FALSE
	EndGlobalSection
	GlobalSection(ExtensibilityGlobals) = postSolution
		SolutionGuid = {DB84CB4B-EEE6-4EE0-8268-CBAF967792EA}
	EndGlobalSection
EndGlobal
