
Microsoft Visual Studio Solution File, Format Version 12.00
# Visual Studio Version 17
VisualStudioVersion = 17.1.32319.34
MinimumVisualStudioVersion = 10.0.40219.1
Project("{9A19103F-16F7-4668-BE54-9A1E7A4F7556}") = "TetrisGame.DesktopGL", "TetrisGame.DesktopGL\TetrisGame.DesktopGL.csproj", "{A428E36D-3D82-4EF2-94B1-FB381BCCB70A}"
EndProject
Project("{D954291E-2A0B-460D-934E-DC6B0785DB48}") = "TetrisGame.Core", "TetrisGame.Core\TetrisGame.Core.shproj", "{94CB04D2-BAAD-4402-88B4-D3CB783CE93D}"
EndProject
Project("{FAE04EC0-301F-11D3-BF4B-00C04F79EFBC}") = "TetrisGame.Android", "TetrisGame.Android\TetrisGame.Android.csproj", "{68434821-E431-409B-9A9D-4D24EFC863E6}"
EndProject
Global
	GlobalSection(SharedMSBuildProjectFiles) = preSolution
		TetrisGame.Core\TetrisGame.Core.projitems*{68434821-e431-409b-9a9d-4d24efc863e6}*SharedItemsImports = 4
		TetrisGame.Core\TetrisGame.Core.projitems*{94cb04d2-baad-4402-88b4-d3cb783ce93d}*SharedItemsImports = 13
		TetrisGame.Core\TetrisGame.Core.projitems*{a428e36d-3d82-4ef2-94b1-fb381bccb70a}*SharedItemsImports = 5
	EndGlobalSection
	GlobalSection(SolutionConfigurationPlatforms) = preSolution
		Debug|Any CPU = Debug|Any CPU
		Release|Any CPU = Release|Any CPU
	EndGlobalSection
	GlobalSection(ProjectConfigurationPlatforms) = postSolution
		{A428E36D-3D82-4EF2-94B1-FB381BCCB70A}.Debug|Any CPU.ActiveCfg = Debug|Any CPU
		{A428E36D-3D82-4EF2-94B1-FB381BCCB70A}.Debug|Any CPU.Build.0 = Debug|Any CPU
		{A428E36D-3D82-4EF2-94B1-FB381BCCB70A}.Release|Any CPU.ActiveCfg = Release|Any CPU
		{A428E36D-3D82-4EF2-94B1-FB381BCCB70A}.Release|Any CPU.Build.0 = Release|Any CPU
		{68434821-E431-409B-9A9D-4D24EFC863E6}.Debug|Any CPU.ActiveCfg = Debug|Any CPU
		{68434821-E431-409B-9A9D-4D24EFC863E6}.Debug|Any CPU.Build.0 = Debug|Any CPU
		{68434821-E431-409B-9A9D-4D24EFC863E6}.Debug|Any CPU.Deploy.0 = Debug|Any CPU
		{68434821-E431-409B-9A9D-4D24EFC863E6}.Release|Any CPU.ActiveCfg = Release|Any CPU
		{68434821-E431-409B-9A9D-4D24EFC863E6}.Release|Any CPU.Build.0 = Release|Any CPU
		{68434821-E431-409B-9A9D-4D24EFC863E6}.Release|Any CPU.Deploy.0 = Release|Any CPU
	EndGlobalSection
	GlobalSection(SolutionProperties) = preSolution
		HideSolutionNode = FALSE
	EndGlobalSection
	GlobalSection(ExtensibilityGlobals) = postSolution
		SolutionGuid = {8DF839C7-E343-4330-8A19-1FBD0611080E}
	EndGlobalSection
EndGlobal
