
Microsoft Visual Studio Solution File, Format Version 12.00
# Visual Studio Version 17
VisualStudioVersion = 17.0.32014.148
MinimumVisualStudioVersion = 10.0.40219.1
Project("{FAE04EC0-301F-11D3-BF4B-00C04F79EFBC}") = "box2d.Android", "..\box2d\box2d.Android\box2d.Android.csproj", "{C0146E28-B1E0-4F07-8407-8411753500EA}"
EndProject
Project("{D954291E-2A0B-460D-934E-DC6B0785DB48}") = "box2d", "..\box2d\box2d.shproj", "{02F4E1C8-8A0D-49DE-9B39-A966E126ACC3}"
EndProject
Project("{9A19103F-16F7-4668-BE54-9A1E7A4F7556}") = "box2d.DesktopGL", "..\box2d\box2d.DesktopGL\box2d.DesktopGL.csproj", "{18AAFE9F-27FD-4B00-9AAC-14612319EA91}"
EndProject
Project("{FAE04EC0-301F-11D3-BF4B-00C04F79EFBC}") = "box2d.iOS", "..\box2d\box2d.iOS\box2d.iOS.csproj", "{8AC4C3CC-9BCD-405C-BE0B-5C217A054B78}"
EndProject
Project("{FAE04EC0-301F-11D3-BF4B-00C04F79EFBC}") = "box2d.Uwp", "..\box2d\box2d.Uwp\box2d.Uwp.csproj", "{ACAC14A0-8C2B-413C-875F-A2AD3C647800}"
EndProject
Project("{9A19103F-16F7-4668-BE54-9A1E7A4F7556}") = "box2d.Windows", "..\box2d\box2d.Windows\box2d.Windows.csproj", "{F0F33689-AED5-4D53-9BE7-8E8F9306CF26}"
EndProject
Project("{D954291E-2A0B-460D-934E-DC6B0785DB48}") = "cocos2d", "..\cocos2d\cocos2d.shproj", "{AFED60A6-F61D-4C4E-BB3B-20FFDA06B990}"
EndProject
Project("{FAE04EC0-301F-11D3-BF4B-00C04F79EFBC}") = "cocos2d.Android", "..\cocos2d\cocos2d.Android\cocos2d.Android.csproj", "{BF0247D4-6EF0-4F82-B22B-244D187B124D}"
EndProject
Project("{9A19103F-16F7-4668-BE54-9A1E7A4F7556}") = "cocos2d.DesktopGL", "..\cocos2d\cocos2d.DesktopGL\cocos2d.DesktopGL.csproj", "{01382AD1-179C-4322-91C4-E4FAC0CA6C84}"
EndProject
Project("{FAE04EC0-301F-11D3-BF4B-00C04F79EFBC}") = "cocos2d.iOS", "..\cocos2d\cocos2d.iOS\cocos2d.iOS.csproj", "{E71F3053-056C-4381-9638-048ED73BDFF6}"
EndProject
Project("{FAE04EC0-301F-11D3-BF4B-00C04F79EFBC}") = "cocos2d.Uwp", "..\cocos2d\cocos2d.Uwp\cocos2d.Uwp.csproj", "{11382845-C53D-4D81-8F2E-A7F88C9BDAD6}"
EndProject
Project("{9A19103F-16F7-4668-BE54-9A1E7A4F7556}") = "cocos2d.Windows", "..\cocos2d\cocos2d.Windows\cocos2d.Windows.csproj", "{E3CF514A-3539-4F29-9E16-0AEA2EDEF311}"
EndProject
Global
	GlobalSection(SharedMSBuildProjectFiles) = preSolution
		..\cocos2d\cocos2d.projitems*{01382ad1-179c-4322-91c4-e4fac0ca6c84}*SharedItemsImports = 5
		..\box2d\box2d.projitems*{02f4e1c8-8a0d-49de-9b39-a966e126acc3}*SharedItemsImports = 13
		..\cocos2d\cocos2d.projitems*{11382845-c53d-4d81-8f2e-a7f88c9bdad6}*SharedItemsImports = 4
		..\box2d\box2d.projitems*{18aafe9f-27fd-4b00-9aac-14612319ea91}*SharedItemsImports = 5
		..\box2d\box2d.projitems*{8ac4c3cc-9bcd-405c-be0b-5c217a054b78}*SharedItemsImports = 4
		..\box2d\box2d.projitems*{acac14a0-8c2b-413c-875f-a2ad3c647800}*SharedItemsImports = 4
		..\cocos2d\cocos2d.projitems*{afed60a6-f61d-4c4e-bb3b-20ffda06b990}*SharedItemsImports = 13
		..\cocos2d\cocos2d.projitems*{bf0247d4-6ef0-4f82-b22b-244d187b124d}*SharedItemsImports = 4
		..\box2d\box2d.projitems*{c0146e28-b1e0-4f07-8407-8411753500ea}*SharedItemsImports = 4
		..\cocos2d\cocos2d.projitems*{e3cf514a-3539-4f29-9e16-0aea2edef311}*SharedItemsImports = 5
		..\cocos2d\cocos2d.projitems*{e71f3053-056c-4381-9638-048ed73bdff6}*SharedItemsImports = 4
		..\box2d\box2d.projitems*{f0f33689-aed5-4d53-9be7-8e8f9306cf26}*SharedItemsImports = 5
	EndGlobalSection
	GlobalSection(SolutionConfigurationPlatforms) = preSolution
		Debug|Any CPU = Debug|Any CPU
		Debug|ARM = Debug|ARM
		Debug|ARM64 = Debug|ARM64
		Debug|x64 = Debug|x64
		Debug|x86 = Debug|x86
		Release|Any CPU = Release|Any CPU
		Release|ARM = Release|ARM
		Release|ARM64 = Release|ARM64
		Release|x64 = Release|x64
		Release|x86 = Release|x86
	EndGlobalSection
	GlobalSection(ProjectConfigurationPlatforms) = postSolution
		{C0146E28-B1E0-4F07-8407-8411753500EA}.Debug|Any CPU.ActiveCfg = Debug|Any CPU
		{C0146E28-B1E0-4F07-8407-8411753500EA}.Debug|Any CPU.Build.0 = Debug|Any CPU
		{C0146E28-B1E0-4F07-8407-8411753500EA}.Debug|ARM.ActiveCfg = Debug|Any CPU
		{C0146E28-B1E0-4F07-8407-8411753500EA}.Debug|ARM.Build.0 = Debug|Any CPU
		{C0146E28-B1E0-4F07-8407-8411753500EA}.Debug|ARM64.ActiveCfg = Debug|Any CPU
		{C0146E28-B1E0-4F07-8407-8411753500EA}.Debug|ARM64.Build.0 = Debug|Any CPU
		{C0146E28-B1E0-4F07-8407-8411753500EA}.Debug|x64.ActiveCfg = Debug|Any CPU
		{C0146E28-B1E0-4F07-8407-8411753500EA}.Debug|x64.Build.0 = Debug|Any CPU
		{C0146E28-B1E0-4F07-8407-8411753500EA}.Debug|x86.ActiveCfg = Debug|Any CPU
		{C0146E28-B1E0-4F07-8407-8411753500EA}.Debug|x86.Build.0 = Debug|Any CPU
		{C0146E28-B1E0-4F07-8407-8411753500EA}.Release|Any CPU.ActiveCfg = Release|Any CPU
		{C0146E28-B1E0-4F07-8407-8411753500EA}.Release|Any CPU.Build.0 = Release|Any CPU
		{C0146E28-B1E0-4F07-8407-8411753500EA}.Release|ARM.ActiveCfg = Release|Any CPU
		{C0146E28-B1E0-4F07-8407-8411753500EA}.Release|ARM.Build.0 = Release|Any CPU
		{C0146E28-B1E0-4F07-8407-8411753500EA}.Release|ARM64.ActiveCfg = Release|Any CPU
		{C0146E28-B1E0-4F07-8407-8411753500EA}.Release|ARM64.Build.0 = Release|Any CPU
		{C0146E28-B1E0-4F07-8407-8411753500EA}.Release|x64.ActiveCfg = Release|Any CPU
		{C0146E28-B1E0-4F07-8407-8411753500EA}.Release|x64.Build.0 = Release|Any CPU
		{C0146E28-B1E0-4F07-8407-8411753500EA}.Release|x86.ActiveCfg = Release|Any CPU
		{C0146E28-B1E0-4F07-8407-8411753500EA}.Release|x86.Build.0 = Release|Any CPU
		{18AAFE9F-27FD-4B00-9AAC-14612319EA91}.Debug|Any CPU.ActiveCfg = Debug|Any CPU
		{18AAFE9F-27FD-4B00-9AAC-14612319EA91}.Debug|Any CPU.Build.0 = Debug|Any CPU
		{18AAFE9F-27FD-4B00-9AAC-14612319EA91}.Debug|ARM.ActiveCfg = Debug|Any CPU
		{18AAFE9F-27FD-4B00-9AAC-14612319EA91}.Debug|ARM.Build.0 = Debug|Any CPU
		{18AAFE9F-27FD-4B00-9AAC-14612319EA91}.Debug|ARM64.ActiveCfg = Debug|Any CPU
		{18AAFE9F-27FD-4B00-9AAC-14612319EA91}.Debug|ARM64.Build.0 = Debug|Any CPU
		{18AAFE9F-27FD-4B00-9AAC-14612319EA91}.Debug|x64.ActiveCfg = Debug|Any CPU
		{18AAFE9F-27FD-4B00-9AAC-14612319EA91}.Debug|x64.Build.0 = Debug|Any CPU
		{18AAFE9F-27FD-4B00-9AAC-14612319EA91}.Debug|x86.ActiveCfg = Debug|Any CPU
		{18AAFE9F-27FD-4B00-9AAC-14612319EA91}.Debug|x86.Build.0 = Debug|Any CPU
		{18AAFE9F-27FD-4B00-9AAC-14612319EA91}.Release|Any CPU.ActiveCfg = Release|Any CPU
		{18AAFE9F-27FD-4B00-9AAC-14612319EA91}.Release|Any CPU.Build.0 = Release|Any CPU
		{18AAFE9F-27FD-4B00-9AAC-14612319EA91}.Release|ARM.ActiveCfg = Release|Any CPU
		{18AAFE9F-27FD-4B00-9AAC-14612319EA91}.Release|ARM.Build.0 = Release|Any CPU
		{18AAFE9F-27FD-4B00-9AAC-14612319EA91}.Release|ARM64.ActiveCfg = Release|Any CPU
		{18AAFE9F-27FD-4B00-9AAC-14612319EA91}.Release|ARM64.Build.0 = Release|Any CPU
		{18AAFE9F-27FD-4B00-9AAC-14612319EA91}.Release|x64.ActiveCfg = Release|Any CPU
		{18AAFE9F-27FD-4B00-9AAC-14612319EA91}.Release|x64.Build.0 = Release|Any CPU
		{18AAFE9F-27FD-4B00-9AAC-14612319EA91}.Release|x86.ActiveCfg = Release|Any CPU
		{18AAFE9F-27FD-4B00-9AAC-14612319EA91}.Release|x86.Build.0 = Release|Any CPU
		{8AC4C3CC-9BCD-405C-BE0B-5C217A054B78}.Debug|Any CPU.ActiveCfg = Debug|Any CPU
		{8AC4C3CC-9BCD-405C-BE0B-5C217A054B78}.Debug|Any CPU.Build.0 = Debug|Any CPU
		{8AC4C3CC-9BCD-405C-BE0B-5C217A054B78}.Debug|ARM.ActiveCfg = Debug|Any CPU
		{8AC4C3CC-9BCD-405C-BE0B-5C217A054B78}.Debug|ARM.Build.0 = Debug|Any CPU
		{8AC4C3CC-9BCD-405C-BE0B-5C217A054B78}.Debug|ARM64.ActiveCfg = Debug|Any CPU
		{8AC4C3CC-9BCD-405C-BE0B-5C217A054B78}.Debug|ARM64.Build.0 = Debug|Any CPU
		{8AC4C3CC-9BCD-405C-BE0B-5C217A054B78}.Debug|x64.ActiveCfg = Debug|Any CPU
		{8AC4C3CC-9BCD-405C-BE0B-5C217A054B78}.Debug|x64.Build.0 = Debug|Any CPU
		{8AC4C3CC-9BCD-405C-BE0B-5C217A054B78}.Debug|x86.ActiveCfg = Debug|Any CPU
		{8AC4C3CC-9BCD-405C-BE0B-5C217A054B78}.Debug|x86.Build.0 = Debug|Any CPU
		{8AC4C3CC-9BCD-405C-BE0B-5C217A054B78}.Release|Any CPU.ActiveCfg = Release|Any CPU
		{8AC4C3CC-9BCD-405C-BE0B-5C217A054B78}.Release|Any CPU.Build.0 = Release|Any CPU
		{8AC4C3CC-9BCD-405C-BE0B-5C217A054B78}.Release|ARM.ActiveCfg = Release|Any CPU
		{8AC4C3CC-9BCD-405C-BE0B-5C217A054B78}.Release|ARM.Build.0 = Release|Any CPU
		{8AC4C3CC-9BCD-405C-BE0B-5C217A054B78}.Release|ARM64.ActiveCfg = Release|Any CPU
		{8AC4C3CC-9BCD-405C-BE0B-5C217A054B78}.Release|ARM64.Build.0 = Release|Any CPU
		{8AC4C3CC-9BCD-405C-BE0B-5C217A054B78}.Release|x64.ActiveCfg = Release|Any CPU
		{8AC4C3CC-9BCD-405C-BE0B-5C217A054B78}.Release|x64.Build.0 = Release|Any CPU
		{8AC4C3CC-9BCD-405C-BE0B-5C217A054B78}.Release|x86.ActiveCfg = Release|Any CPU
		{8AC4C3CC-9BCD-405C-BE0B-5C217A054B78}.Release|x86.Build.0 = Release|Any CPU
		{ACAC14A0-8C2B-413C-875F-A2AD3C647800}.Debug|Any CPU.ActiveCfg = Debug|Any CPU
		{ACAC14A0-8C2B-413C-875F-A2AD3C647800}.Debug|Any CPU.Build.0 = Debug|Any CPU
		{ACAC14A0-8C2B-413C-875F-A2AD3C647800}.Debug|ARM.ActiveCfg = Debug|ARM
		{ACAC14A0-8C2B-413C-875F-A2AD3C647800}.Debug|ARM.Build.0 = Debug|ARM
		{ACAC14A0-8C2B-413C-875F-A2AD3C647800}.Debug|ARM64.ActiveCfg = Debug|ARM64
		{ACAC14A0-8C2B-413C-875F-A2AD3C647800}.Debug|ARM64.Build.0 = Debug|ARM64
		{ACAC14A0-8C2B-413C-875F-A2AD3C647800}.Debug|x64.ActiveCfg = Debug|x64
		{ACAC14A0-8C2B-413C-875F-A2AD3C647800}.Debug|x64.Build.0 = Debug|x64
		{ACAC14A0-8C2B-413C-875F-A2AD3C647800}.Debug|x86.ActiveCfg = Debug|x86
		{ACAC14A0-8C2B-413C-875F-A2AD3C647800}.Debug|x86.Build.0 = Debug|x86
		{ACAC14A0-8C2B-413C-875F-A2AD3C647800}.Release|Any CPU.ActiveCfg = Release|Any CPU
		{ACAC14A0-8C2B-413C-875F-A2AD3C647800}.Release|Any CPU.Build.0 = Release|Any CPU
		{ACAC14A0-8C2B-413C-875F-A2AD3C647800}.Release|ARM.ActiveCfg = Release|ARM
		{ACAC14A0-8C2B-413C-875F-A2AD3C647800}.Release|ARM.Build.0 = Release|ARM
		{ACAC14A0-8C2B-413C-875F-A2AD3C647800}.Release|ARM64.ActiveCfg = Release|ARM64
		{ACAC14A0-8C2B-413C-875F-A2AD3C647800}.Release|ARM64.Build.0 = Release|ARM64
		{ACAC14A0-8C2B-413C-875F-A2AD3C647800}.Release|x64.ActiveCfg = Release|x64
		{ACAC14A0-8C2B-413C-875F-A2AD3C647800}.Release|x64.Build.0 = Release|x64
		{ACAC14A0-8C2B-413C-875F-A2AD3C647800}.Release|x86.ActiveCfg = Release|x86
		{ACAC14A0-8C2B-413C-875F-A2AD3C647800}.Release|x86.Build.0 = Release|x86
		{F0F33689-AED5-4D53-9BE7-8E8F9306CF26}.Debug|Any CPU.ActiveCfg = Debug|Any CPU
		{F0F33689-AED5-4D53-9BE7-8E8F9306CF26}.Debug|Any CPU.Build.0 = Debug|Any CPU
		{F0F33689-AED5-4D53-9BE7-8E8F9306CF26}.Debug|ARM.ActiveCfg = Debug|Any CPU
		{F0F33689-AED5-4D53-9BE7-8E8F9306CF26}.Debug|ARM.Build.0 = Debug|Any CPU
		{F0F33689-AED5-4D53-9BE7-8E8F9306CF26}.Debug|ARM64.ActiveCfg = Debug|Any CPU
		{F0F33689-AED5-4D53-9BE7-8E8F9306CF26}.Debug|ARM64.Build.0 = Debug|Any CPU
		{F0F33689-AED5-4D53-9BE7-8E8F9306CF26}.Debug|x64.ActiveCfg = Debug|Any CPU
		{F0F33689-AED5-4D53-9BE7-8E8F9306CF26}.Debug|x64.Build.0 = Debug|Any CPU
		{F0F33689-AED5-4D53-9BE7-8E8F9306CF26}.Debug|x86.ActiveCfg = Debug|Any CPU
		{F0F33689-AED5-4D53-9BE7-8E8F9306CF26}.Debug|x86.Build.0 = Debug|Any CPU
		{F0F33689-AED5-4D53-9BE7-8E8F9306CF26}.Release|Any CPU.ActiveCfg = Release|Any CPU
		{F0F33689-AED5-4D53-9BE7-8E8F9306CF26}.Release|Any CPU.Build.0 = Release|Any CPU
		{F0F33689-AED5-4D53-9BE7-8E8F9306CF26}.Release|ARM.ActiveCfg = Release|Any CPU
		{F0F33689-AED5-4D53-9BE7-8E8F9306CF26}.Release|ARM.Build.0 = Release|Any CPU
		{F0F33689-AED5-4D53-9BE7-8E8F9306CF26}.Release|ARM64.ActiveCfg = Release|Any CPU
		{F0F33689-AED5-4D53-9BE7-8E8F9306CF26}.Release|ARM64.Build.0 = Release|Any CPU
		{F0F33689-AED5-4D53-9BE7-8E8F9306CF26}.Release|x64.ActiveCfg = Release|Any CPU
		{F0F33689-AED5-4D53-9BE7-8E8F9306CF26}.Release|x64.Build.0 = Release|Any CPU
		{F0F33689-AED5-4D53-9BE7-8E8F9306CF26}.Release|x86.ActiveCfg = Release|Any CPU
		{F0F33689-AED5-4D53-9BE7-8E8F9306CF26}.Release|x86.Build.0 = Release|Any CPU
		{BF0247D4-6EF0-4F82-B22B-244D187B124D}.Debug|Any CPU.ActiveCfg = Debug|Any CPU
		{BF0247D4-6EF0-4F82-B22B-244D187B124D}.Debug|Any CPU.Build.0 = Debug|Any CPU
		{BF0247D4-6EF0-4F82-B22B-244D187B124D}.Debug|ARM.ActiveCfg = Debug|Any CPU
		{BF0247D4-6EF0-4F82-B22B-244D187B124D}.Debug|ARM.Build.0 = Debug|Any CPU
		{BF0247D4-6EF0-4F82-B22B-244D187B124D}.Debug|ARM64.ActiveCfg = Debug|Any CPU
		{BF0247D4-6EF0-4F82-B22B-244D187B124D}.Debug|ARM64.Build.0 = Debug|Any CPU
		{BF0247D4-6EF0-4F82-B22B-244D187B124D}.Debug|x64.ActiveCfg = Debug|Any CPU
		{BF0247D4-6EF0-4F82-B22B-244D187B124D}.Debug|x64.Build.0 = Debug|Any CPU
		{BF0247D4-6EF0-4F82-B22B-244D187B124D}.Debug|x86.ActiveCfg = Debug|Any CPU
		{BF0247D4-6EF0-4F82-B22B-244D187B124D}.Debug|x86.Build.0 = Debug|Any CPU
		{BF0247D4-6EF0-4F82-B22B-244D187B124D}.Release|Any CPU.ActiveCfg = Release|Any CPU
		{BF0247D4-6EF0-4F82-B22B-244D187B124D}.Release|Any CPU.Build.0 = Release|Any CPU
		{BF0247D4-6EF0-4F82-B22B-244D187B124D}.Release|ARM.ActiveCfg = Release|Any CPU
		{BF0247D4-6EF0-4F82-B22B-244D187B124D}.Release|ARM.Build.0 = Release|Any CPU
		{BF0247D4-6EF0-4F82-B22B-244D187B124D}.Release|ARM64.ActiveCfg = Release|Any CPU
		{BF0247D4-6EF0-4F82-B22B-244D187B124D}.Release|ARM64.Build.0 = Release|Any CPU
		{BF0247D4-6EF0-4F82-B22B-244D187B124D}.Release|x64.ActiveCfg = Release|Any CPU
		{BF0247D4-6EF0-4F82-B22B-244D187B124D}.Release|x64.Build.0 = Release|Any CPU
		{BF0247D4-6EF0-4F82-B22B-244D187B124D}.Release|x86.ActiveCfg = Release|Any CPU
		{BF0247D4-6EF0-4F82-B22B-244D187B124D}.Release|x86.Build.0 = Release|Any CPU
		{01382AD1-179C-4322-91C4-E4FAC0CA6C84}.Debug|Any CPU.ActiveCfg = Debug|Any CPU
		{01382AD1-179C-4322-91C4-E4FAC0CA6C84}.Debug|Any CPU.Build.0 = Debug|Any CPU
		{01382AD1-179C-4322-91C4-E4FAC0CA6C84}.Debug|ARM.ActiveCfg = Debug|Any CPU
		{01382AD1-179C-4322-91C4-E4FAC0CA6C84}.Debug|ARM.Build.0 = Debug|Any CPU
		{01382AD1-179C-4322-91C4-E4FAC0CA6C84}.Debug|ARM64.ActiveCfg = Debug|Any CPU
		{01382AD1-179C-4322-91C4-E4FAC0CA6C84}.Debug|ARM64.Build.0 = Debug|Any CPU
		{01382AD1-179C-4322-91C4-E4FAC0CA6C84}.Debug|x64.ActiveCfg = Debug|Any CPU
		{01382AD1-179C-4322-91C4-E4FAC0CA6C84}.Debug|x64.Build.0 = Debug|Any CPU
		{01382AD1-179C-4322-91C4-E4FAC0CA6C84}.Debug|x86.ActiveCfg = Debug|Any CPU
		{01382AD1-179C-4322-91C4-E4FAC0CA6C84}.Debug|x86.Build.0 = Debug|Any CPU
		{01382AD1-179C-4322-91C4-E4FAC0CA6C84}.Release|Any CPU.ActiveCfg = Release|Any CPU
		{01382AD1-179C-4322-91C4-E4FAC0CA6C84}.Release|Any CPU.Build.0 = Release|Any CPU
		{01382AD1-179C-4322-91C4-E4FAC0CA6C84}.Release|ARM.ActiveCfg = Release|Any CPU
		{01382AD1-179C-4322-91C4-E4FAC0CA6C84}.Release|ARM.Build.0 = Release|Any CPU
		{01382AD1-179C-4322-91C4-E4FAC0CA6C84}.Release|ARM64.ActiveCfg = Release|Any CPU
		{01382AD1-179C-4322-91C4-E4FAC0CA6C84}.Release|ARM64.Build.0 = Release|Any CPU
		{01382AD1-179C-4322-91C4-E4FAC0CA6C84}.Release|x64.ActiveCfg = Release|Any CPU
		{01382AD1-179C-4322-91C4-E4FAC0CA6C84}.Release|x64.Build.0 = Release|Any CPU
		{01382AD1-179C-4322-91C4-E4FAC0CA6C84}.Release|x86.ActiveCfg = Release|Any CPU
		{01382AD1-179C-4322-91C4-E4FAC0CA6C84}.Release|x86.Build.0 = Release|Any CPU
		{E71F3053-056C-4381-9638-048ED73BDFF6}.Debug|Any CPU.ActiveCfg = Debug|Any CPU
		{E71F3053-056C-4381-9638-048ED73BDFF6}.Debug|Any CPU.Build.0 = Debug|Any CPU
		{E71F3053-056C-4381-9638-048ED73BDFF6}.Debug|ARM.ActiveCfg = Debug|Any CPU
		{E71F3053-056C-4381-9638-048ED73BDFF6}.Debug|ARM.Build.0 = Debug|Any CPU
		{E71F3053-056C-4381-9638-048ED73BDFF6}.Debug|ARM64.ActiveCfg = Debug|Any CPU
		{E71F3053-056C-4381-9638-048ED73BDFF6}.Debug|ARM64.Build.0 = Debug|Any CPU
		{E71F3053-056C-4381-9638-048ED73BDFF6}.Debug|x64.ActiveCfg = Debug|Any CPU
		{E71F3053-056C-4381-9638-048ED73BDFF6}.Debug|x64.Build.0 = Debug|Any CPU
		{E71F3053-056C-4381-9638-048ED73BDFF6}.Debug|x86.ActiveCfg = Debug|Any CPU
		{E71F3053-056C-4381-9638-048ED73BDFF6}.Debug|x86.Build.0 = Debug|Any CPU
		{E71F3053-056C-4381-9638-048ED73BDFF6}.Release|Any CPU.ActiveCfg = Release|Any CPU
		{E71F3053-056C-4381-9638-048ED73BDFF6}.Release|Any CPU.Build.0 = Release|Any CPU
		{E71F3053-056C-4381-9638-048ED73BDFF6}.Release|ARM.ActiveCfg = Release|Any CPU
		{E71F3053-056C-4381-9638-048ED73BDFF6}.Release|ARM.Build.0 = Release|Any CPU
		{E71F3053-056C-4381-9638-048ED73BDFF6}.Release|ARM64.ActiveCfg = Release|Any CPU
		{E71F3053-056C-4381-9638-048ED73BDFF6}.Release|ARM64.Build.0 = Release|Any CPU
		{E71F3053-056C-4381-9638-048ED73BDFF6}.Release|x64.ActiveCfg = Release|Any CPU
		{E71F3053-056C-4381-9638-048ED73BDFF6}.Release|x64.Build.0 = Release|Any CPU
		{E71F3053-056C-4381-9638-048ED73BDFF6}.Release|x86.ActiveCfg = Release|Any CPU
		{E71F3053-056C-4381-9638-048ED73BDFF6}.Release|x86.Build.0 = Release|Any CPU
		{11382845-C53D-4D81-8F2E-A7F88C9BDAD6}.Debug|Any CPU.ActiveCfg = Debug|Any CPU
		{11382845-C53D-4D81-8F2E-A7F88C9BDAD6}.Debug|Any CPU.Build.0 = Debug|Any CPU
		{11382845-C53D-4D81-8F2E-A7F88C9BDAD6}.Debug|ARM.ActiveCfg = Debug|ARM
		{11382845-C53D-4D81-8F2E-A7F88C9BDAD6}.Debug|ARM.Build.0 = Debug|ARM
		{11382845-C53D-4D81-8F2E-A7F88C9BDAD6}.Debug|ARM64.ActiveCfg = Debug|ARM64
		{11382845-C53D-4D81-8F2E-A7F88C9BDAD6}.Debug|ARM64.Build.0 = Debug|ARM64
		{11382845-C53D-4D81-8F2E-A7F88C9BDAD6}.Debug|x64.ActiveCfg = Debug|x64
		{11382845-C53D-4D81-8F2E-A7F88C9BDAD6}.Debug|x64.Build.0 = Debug|x64
		{11382845-C53D-4D81-8F2E-A7F88C9BDAD6}.Debug|x86.ActiveCfg = Debug|x86
		{11382845-C53D-4D81-8F2E-A7F88C9BDAD6}.Debug|x86.Build.0 = Debug|x86
		{11382845-C53D-4D81-8F2E-A7F88C9BDAD6}.Release|Any CPU.ActiveCfg = Release|Any CPU
		{11382845-C53D-4D81-8F2E-A7F88C9BDAD6}.Release|Any CPU.Build.0 = Release|Any CPU
		{11382845-C53D-4D81-8F2E-A7F88C9BDAD6}.Release|ARM.ActiveCfg = Release|ARM
		{11382845-C53D-4D81-8F2E-A7F88C9BDAD6}.Release|ARM.Build.0 = Release|ARM
		{11382845-C53D-4D81-8F2E-A7F88C9BDAD6}.Release|ARM64.ActiveCfg = Release|ARM64
		{11382845-C53D-4D81-8F2E-A7F88C9BDAD6}.Release|ARM64.Build.0 = Release|ARM64
		{11382845-C53D-4D81-8F2E-A7F88C9BDAD6}.Release|x64.ActiveCfg = Release|x64
		{11382845-C53D-4D81-8F2E-A7F88C9BDAD6}.Release|x64.Build.0 = Release|x64
		{11382845-C53D-4D81-8F2E-A7F88C9BDAD6}.Release|x86.ActiveCfg = Release|x86
		{11382845-C53D-4D81-8F2E-A7F88C9BDAD6}.Release|x86.Build.0 = Release|x86
		{E3CF514A-3539-4F29-9E16-0AEA2EDEF311}.Debug|Any CPU.ActiveCfg = Debug|Any CPU
		{E3CF514A-3539-4F29-9E16-0AEA2EDEF311}.Debug|Any CPU.Build.0 = Debug|Any CPU
		{E3CF514A-3539-4F29-9E16-0AEA2EDEF311}.Debug|ARM.ActiveCfg = Debug|Any CPU
		{E3CF514A-3539-4F29-9E16-0AEA2EDEF311}.Debug|ARM.Build.0 = Debug|Any CPU
		{E3CF514A-3539-4F29-9E16-0AEA2EDEF311}.Debug|ARM64.ActiveCfg = Debug|Any CPU
		{E3CF514A-3539-4F29-9E16-0AEA2EDEF311}.Debug|ARM64.Build.0 = Debug|Any CPU
		{E3CF514A-3539-4F29-9E16-0AEA2EDEF311}.Debug|x64.ActiveCfg = Debug|Any CPU
		{E3CF514A-3539-4F29-9E16-0AEA2EDEF311}.Debug|x64.Build.0 = Debug|Any CPU
		{E3CF514A-3539-4F29-9E16-0AEA2EDEF311}.Debug|x86.ActiveCfg = Debug|Any CPU
		{E3CF514A-3539-4F29-9E16-0AEA2EDEF311}.Debug|x86.Build.0 = Debug|Any CPU
		{E3CF514A-3539-4F29-9E16-0AEA2EDEF311}.Release|Any CPU.ActiveCfg = Release|Any CPU
		{E3CF514A-3539-4F29-9E16-0AEA2EDEF311}.Release|Any CPU.Build.0 = Release|Any CPU
		{E3CF514A-3539-4F29-9E16-0AEA2EDEF311}.Release|ARM.ActiveCfg = Release|Any CPU
		{E3CF514A-3539-4F29-9E16-0AEA2EDEF311}.Release|ARM.Build.0 = Release|Any CPU
		{E3CF514A-3539-4F29-9E16-0AEA2EDEF311}.Release|ARM64.ActiveCfg = Release|Any CPU
		{E3CF514A-3539-4F29-9E16-0AEA2EDEF311}.Release|ARM64.Build.0 = Release|Any CPU
		{E3CF514A-3539-4F29-9E16-0AEA2EDEF311}.Release|x64.ActiveCfg = Release|Any CPU
		{E3CF514A-3539-4F29-9E16-0AEA2EDEF311}.Release|x64.Build.0 = Release|Any CPU
		{E3CF514A-3539-4F29-9E16-0AEA2EDEF311}.Release|x86.ActiveCfg = Release|Any CPU
		{E3CF514A-3539-4F29-9E16-0AEA2EDEF311}.Release|x86.Build.0 = Release|Any CPU
	EndGlobalSection
	GlobalSection(SolutionProperties) = preSolution
		HideSolutionNode = FALSE
	EndGlobalSection
	GlobalSection(ExtensibilityGlobals) = postSolution
		SolutionGuid = {B29F55B9-0883-4EB3-B072-DFFDBAD658E6}
	EndGlobalSection
EndGlobal
