
Microsoft Visual Studio Solution File, Format Version 12.00
# Visual Studio Version 16
VisualStudioVersion = 16.0.30907.101
MinimumVisualStudioVersion = 10.0.40219.1
Project("{FAE04EC0-301F-11D3-BF4B-00C04F79EFBC}") = "Cocos2DMonoGame.Windows", "Cocos2DMonoGame.Windows\Cocos2DMonoGame.Windows.csproj", "{F287B7A9-C750-483B-8267-9E6077ACB246}"
EndProject
Global
	GlobalSection(SolutionConfigurationPlatforms) = preSolution
		Debug|Any CPU = Debug|Any CPU
		Release|Any CPU = Release|Any CPU
	EndGlobalSection
	GlobalSection(ProjectConfigurationPlatforms) = postSolution
		{F287B7A9-C750-483B-8267-9E6077ACB246}.Debug|Any CPU.ActiveCfg = Debug|Any CPU
		{F287B7A9-C750-483B-8267-9E6077ACB246}.Debug|Any CPU.Build.0 = Debug|Any CPU
		{F287B7A9-C750-483B-8267-9E6077ACB246}.Release|Any CPU.ActiveCfg = Release|Any CPU
		{F287B7A9-C750-483B-8267-9E6077ACB246}.Release|Any CPU.Build.0 = Release|Any CPU
	EndGlobalSection
	GlobalSection(SolutionProperties) = preSolution
		HideSolutionNode = FALSE
	EndGlobalSection
	GlobalSection(ExtensibilityGlobals) = postSolution
		SolutionGuid = {6D828408-CB5E-4C51-A4D3-E9C123346E8B}
	EndGlobalSection
EndGlobal
