
Microsoft Visual Studio Solution File, Format Version 12.00
# Visual Studio Version 16
VisualStudioVersion = 16.0.30907.101
MinimumVisualStudioVersion = 10.0.40219.1
Project("{D954291E-2A0B-460D-934E-DC6B0785DB48}") = "box2d", "..\box2d\box2d.shproj", "{02F4E1C8-8A0D-49DE-9B39-A966E126ACC3}"
EndProject
Project("{9A19103F-16F7-4668-BE54-9A1E7A4F7556}") = "box2d.DesktopGL", "..\box2d\box2d.DesktopGL\box2d.DesktopGL.csproj", "{18AAFE9F-27FD-4B00-9AAC-14612319EA91}"
EndProject
Project("{D954291E-2A0B-460D-934E-DC6B0785DB48}") = "cocos2d", "..\cocos2d\cocos2d.shproj", "{AFED60A6-F61D-4C4E-BB3B-20FFDA06B990}"
EndProject
Project("{9A19103F-16F7-4668-BE54-9A1E7A4F7556}") = "cocos2d.DesktopGL", "..\cocos2d\cocos2d.DesktopGL\cocos2d.DesktopGL.csproj", "{01382AD1-179C-4322-91C4-E4FAC0CA6C84}"
EndProject
Global
	GlobalSection(SharedMSBuildProjectFiles) = preSolution
		..\cocos2d\cocos2d.projitems*{01382ad1-179c-4322-91c4-e4fac0ca6c84}*SharedItemsImports = 5
		..\box2d\box2d.projitems*{02f4e1c8-8a0d-49de-9b39-a966e126acc3}*SharedItemsImports = 13
		..\box2d\box2d.projitems*{18aafe9f-27fd-4b00-9aac-14612319ea91}*SharedItemsImports = 5
		..\cocos2d\cocos2d.projitems*{afed60a6-f61d-4c4e-bb3b-20ffda06b990}*SharedItemsImports = 13
	EndGlobalSection
	GlobalSection(SolutionConfigurationPlatforms) = preSolution
		Debug|Any CPU = Debug|Any CPU
		Release|Any CPU = Release|Any CPU
	EndGlobalSection
	GlobalSection(ProjectConfigurationPlatforms) = postSolution
		{18AAFE9F-27FD-4B00-9AAC-14612319EA91}.Debug|Any CPU.ActiveCfg = Debug|Any CPU
		{18AAFE9F-27FD-4B00-9AAC-14612319EA91}.Debug|Any CPU.Build.0 = Debug|Any CPU
		{18AAFE9F-27FD-4B00-9AAC-14612319EA91}.Release|Any CPU.ActiveCfg = Release|Any CPU
		{18AAFE9F-27FD-4B00-9AAC-14612319EA91}.Release|Any CPU.Build.0 = Release|Any CPU
		{01382AD1-179C-4322-91C4-E4FAC0CA6C84}.Debug|Any CPU.ActiveCfg = Debug|Any CPU
		{01382AD1-179C-4322-91C4-E4FAC0CA6C84}.Debug|Any CPU.Build.0 = Debug|Any CPU
		{01382AD1-179C-4322-91C4-E4FAC0CA6C84}.Release|Any CPU.ActiveCfg = Release|Any CPU
		{01382AD1-179C-4322-91C4-E4FAC0CA6C84}.Release|Any CPU.Build.0 = Release|Any CPU
	EndGlobalSection
	GlobalSection(SolutionProperties) = preSolution
		HideSolutionNode = FALSE
	EndGlobalSection
	GlobalSection(ExtensibilityGlobals) = postSolution
		SolutionGuid = {B626777C-71C4-45E2-8F37-9620159D3A4E}
	EndGlobalSection
EndGlobal
